{
    "_readme": [
        "This file locks the dependencies of your project to a known state",
        "Read more about it at http://getcomposer.org/doc/01-basic-usage.md#composer-lock-the-lock-file",
        "This file is @generated automatically"
    ],
    "hash": "92f6c480914d4b4e939aed7aec5aa4a1",
    "packages": [
        {
            "name": "app2641/emerald-beans",
            "version": "0.1",
            "source": {
                "type": "git",
                "url": "https://github.com/app2641/emerald-beans.git",
                "reference": "6924b875dee51bccacdc65f752f19aada54091f0"
            },
            "dist": {
                "type": "zip",
                "url": "https://api.github.com/repos/app2641/emerald-beans/zipball/6924b875dee51bccacdc65f752f19aada54091f0",
                "reference": "6924b875dee51bccacdc65f752f19aada54091f0",
                "shasum": ""
            },
            "require": {
                "php": ">=5.4"
            },
            "type": "library",
            "autoload": {
                "psr-0": {
                    "Emerald": "src/"
                }
            },
            "notification-url": "https://packagist.org/downloads/",
            "time": "2014-05-21 02:38:23"
        },
        {
            "name": "app2641/garnet-beans",
            "version": "0.3",
            "source": {
                "type": "git",
                "url": "https://github.com/app2641/garnet-beans.git",
                "reference": "cdf67e8ccacd7a8433796f33604894dec0f7fc01"
            },
            "dist": {
                "type": "zip",
                "url": "https://api.github.com/repos/app2641/garnet-beans/zipball/cdf67e8ccacd7a8433796f33604894dec0f7fc01",
                "reference": "cdf67e8ccacd7a8433796f33604894dec0f7fc01",
                "shasum": ""
            },
            "require": {
                "app2641/emerald-beans": "*",
                "app2641/sapphire-beans": "*",
                "php": ">=5.4"
            },
            "type": "library",
            "autoload": {
                "psr-0": {
                    "Garnet": "src/"
                }
            },
            "notification-url": "https://packagist.org/downloads/",
            "authors": [
                {
                    "name": "app2641",
                    "homepage": "http://app2641.com"
                }
            ],
            "time": "2014-05-21 01:51:28"
        },
        {
            "name": "app2641/sapphire-beans",
            "version": "0.2",
            "source": {
                "type": "git",
                "url": "https://github.com/app2641/sapphire-beans.git",
                "reference": "bbf79a8d7c7ba604e10787fd5ae07936f051c623"
            },
            "dist": {
                "type": "zip",
                "url": "https://api.github.com/repos/app2641/sapphire-beans/zipball/bbf79a8d7c7ba604e10787fd5ae07936f051c623",
                "reference": "bbf79a8d7c7ba604e10787fd5ae07936f051c623",
                "shasum": ""
            },
            "require": {
                "php": ">=5.4"
            },
            "type": "library",
            "autoload": {
                "psr-0": {
                    "Sapphire": "src/"
                }
            },
            "notification-url": "https://packagist.org/downloads/",
            "time": "2014-05-01 08:12:44"
        },
        {
            "name": "aws/aws-sdk-php",
            "version": "2.8.8",
            "source": {
                "type": "git",
                "url": "https://github.com/aws/aws-sdk-php.git",
                "reference": "2b62281500f0c4671000f90255a73e6570d7a36a"
            },
            "dist": {
                "type": "zip",
                "url": "https://api.github.com/repos/aws/aws-sdk-php/zipball/2b62281500f0c4671000f90255a73e6570d7a36a",
                "reference": "2b62281500f0c4671000f90255a73e6570d7a36a",
                "shasum": ""
            },
            "require": {
                "guzzle/guzzle": "~3.7",
                "php": ">=5.3.3"
            },
            "require-dev": {
                "doctrine/cache": "~1.0",
                "ext-openssl": "*",
                "monolog/monolog": "~1.4",
                "phpunit/phpunit": "~4.0",
                "symfony/yaml": "~2.1"
            },
            "suggest": {
                "doctrine/cache": "Adds support for caching of credentials and responses",
                "ext-apc": "Allows service description opcode caching, request and response caching, and credentials caching",
                "ext-openssl": "Allows working with CloudFront private distributions and verifying received SNS messages",
                "monolog/monolog": "Adds support for logging HTTP requests and responses",
                "symfony/yaml": "Eases the ability to write manifests for creating jobs in AWS Import/Export"
            },
            "type": "library",
            "autoload": {
                "psr-0": {
                    "Aws": "src/"
                }
            },
            "notification-url": "https://packagist.org/downloads/",
            "license": [
                "Apache-2.0"
            ],
            "authors": [
                {
                    "name": "Amazon Web Services",
                    "homepage": "http://aws.amazon.com"
                }
            ],
            "description": "AWS SDK for PHP - Use Amazon Web Services in your PHP project",
            "homepage": "http://aws.amazon.com/sdkforphp",
            "keywords": [
                "amazon",
                "aws",
                "cloud",
                "dynamodb",
                "ec2",
                "glacier",
                "s3",
                "sdk"
            ],
            "time": "2015-05-29 00:35:23"
        },
        {
            "name": "guzzle/guzzle",
            "version": "v3.9.3",
            "source": {
                "type": "git",
                "url": "https://github.com/guzzle/guzzle3.git",
                "reference": "0645b70d953bc1c067bbc8d5bc53194706b628d9"
            },
            "dist": {
                "type": "zip",
                "url": "https://api.github.com/repos/guzzle/guzzle3/zipball/0645b70d953bc1c067bbc8d5bc53194706b628d9",
                "reference": "0645b70d953bc1c067bbc8d5bc53194706b628d9",
                "shasum": ""
            },
            "require": {
                "ext-curl": "*",
                "php": ">=5.3.3",
                "symfony/event-dispatcher": "~2.1"
            },
            "replace": {
                "guzzle/batch": "self.version",
                "guzzle/cache": "self.version",
                "guzzle/common": "self.version",
                "guzzle/http": "self.version",
                "guzzle/inflection": "self.version",
                "guzzle/iterator": "self.version",
                "guzzle/log": "self.version",
                "guzzle/parser": "self.version",
                "guzzle/plugin": "self.version",
                "guzzle/plugin-async": "self.version",
                "guzzle/plugin-backoff": "self.version",
                "guzzle/plugin-cache": "self.version",
                "guzzle/plugin-cookie": "self.version",
                "guzzle/plugin-curlauth": "self.version",
                "guzzle/plugin-error-response": "self.version",
                "guzzle/plugin-history": "self.version",
                "guzzle/plugin-log": "self.version",
                "guzzle/plugin-md5": "self.version",
                "guzzle/plugin-mock": "self.version",
                "guzzle/plugin-oauth": "self.version",
                "guzzle/service": "self.version",
                "guzzle/stream": "self.version"
            },
            "require-dev": {
                "doctrine/cache": "~1.3",
                "monolog/monolog": "~1.0",
                "phpunit/phpunit": "3.7.*",
                "psr/log": "~1.0",
                "symfony/class-loader": "~2.1",
                "zendframework/zend-cache": "2.*,<2.3",
                "zendframework/zend-log": "2.*,<2.3"
            },
            "suggest": {
                "guzzlehttp/guzzle": "Guzzle 5 has moved to a new package name. The package you have installed, Guzzle 3, is deprecated."
            },
            "type": "library",
            "extra": {
                "branch-alias": {
                    "dev-master": "3.9-dev"
                }
            },
            "autoload": {
                "psr-0": {
                    "Guzzle": "src/",
                    "Guzzle\\Tests": "tests/"
                }
            },
            "notification-url": "https://packagist.org/downloads/",
            "license": [
                "MIT"
            ],
            "authors": [
                {
                    "name": "Michael Dowling",
                    "email": "mtdowling@gmail.com",
                    "homepage": "https://github.com/mtdowling"
                },
                {
                    "name": "Guzzle Community",
                    "homepage": "https://github.com/guzzle/guzzle/contributors"
                }
            ],
            "description": "PHP HTTP client. This library is deprecated in favor of https://packagist.org/packages/guzzlehttp/guzzle",
            "homepage": "http://guzzlephp.org/",
            "keywords": [
                "client",
                "curl",
                "framework",
                "http",
                "http client",
                "rest",
                "web service"
            ],
            "time": "2015-03-18 18:23:50"
        },
        {
            "name": "psr/log",
            "version": "1.0.0",
            "source": {
                "type": "git",
                "url": "https://github.com/php-fig/log.git",
                "reference": "fe0936ee26643249e916849d48e3a51d5f5e278b"
            },
            "dist": {
                "type": "zip",
                "url": "https://api.github.com/repos/php-fig/log/zipball/fe0936ee26643249e916849d48e3a51d5f5e278b",
                "reference": "fe0936ee26643249e916849d48e3a51d5f5e278b",
                "shasum": ""
            },
            "type": "library",
            "autoload": {
                "psr-0": {
                    "Psr\\Log\\": ""
                }
            },
            "notification-url": "https://packagist.org/downloads/",
            "license": [
                "MIT"
            ],
            "authors": [
                {
                    "name": "PHP-FIG",
                    "homepage": "http://www.php-fig.org/"
                }
            ],
            "description": "Common interface for logging libraries",
            "keywords": [
                "log",
                "psr",
                "psr-3"
            ],
            "time": "2012-12-21 11:40:51"
        },
        {
            "name": "satooshi/php-coveralls",
            "version": "v0.6.1",
            "source": {
                "type": "git",
                "url": "https://github.com/satooshi/php-coveralls.git",
                "reference": "dd0df95bd37a7cf5c5c50304dfe260ffe4b50760"
            },
            "dist": {
                "type": "zip",
                "url": "https://api.github.com/repos/satooshi/php-coveralls/zipball/dd0df95bd37a7cf5c5c50304dfe260ffe4b50760",
                "reference": "dd0df95bd37a7cf5c5c50304dfe260ffe4b50760",
                "shasum": ""
            },
            "require": {
                "ext-curl": "*",
                "ext-json": "*",
                "ext-simplexml": "*",
                "guzzle/guzzle": ">=3.0",
                "php": ">=5.3",
                "psr/log": "1.0.0",
                "symfony/config": ">=2.0",
                "symfony/console": ">=2.0",
                "symfony/stopwatch": ">=2.2",
                "symfony/yaml": ">=2.0"
            },
            "require-dev": {
                "apigen/apigen": "2.8.*@stable",
                "pdepend/pdepend": "dev-master",
                "phpmd/phpmd": "dev-master",
                "phpunit/php-invoker": ">=1.1.0,<1.2.0",
                "phpunit/phpunit": "3.7.*@stable",
                "sebastian/finder-facade": "dev-master",
                "sebastian/phpcpd": "1.4.*@stable",
                "squizlabs/php_codesniffer": "1.4.*@stable",
                "theseer/fdomdocument": "dev-master"
            },
            "bin": [
                "composer/bin/coveralls"
            ],
            "type": "library",
            "autoload": {
                "psr-0": {
                    "Contrib\\Component": "src/",
                    "Contrib\\Bundle": "src/"
                }
            },
            "notification-url": "https://packagist.org/downloads/",
            "license": [
                "MIT"
            ],
            "authors": [
                {
                    "name": "Kitamura Satoshi",
                    "email": "with.no.parachute@gmail.com",
                    "homepage": "https://www.facebook.com/satooshi.jp"
                }
            ],
            "description": "PHP client library for Coveralls API",
            "homepage": "https://github.com/satooshi/php-coveralls",
            "keywords": [
                "ci",
                "coverage",
                "github",
                "test"
            ],
            "time": "2013-05-04 08:07:33"
        },
        {
            "name": "sunra/php-simple-html-dom-parser",
            "version": "v1.5.0",
            "source": {
                "type": "git",
                "url": "https://github.com/sunra/php-simple-html-dom-parser.git",
                "reference": "a0b80ace086c7e09085669205e1b3c2c9c7a453c"
            },
            "dist": {
                "type": "zip",
                "url": "https://api.github.com/repos/sunra/php-simple-html-dom-parser/zipball/a0b80ace086c7e09085669205e1b3c2c9c7a453c",
                "reference": "a0b80ace086c7e09085669205e1b3c2c9c7a453c",
                "shasum": ""
            },
            "require": {
                "php": ">=5.3.2"
            },
            "type": "library",
            "autoload": {
                "psr-0": {
                    "Sunra\\PhpSimple\\HtmlDomParser": "Src/"
                }
            },
            "notification-url": "https://packagist.org/downloads/",
            "license": [
                "MIT"
            ],
            "authors": [
                {
                    "name": "Sunra",
                    "email": "sunra@yandex.ru",
                    "homepage": "http://github.com/sunra"
                }
            ],
            "description": "Composer adaptation of: A HTML DOM parser written in PHP5+ let you manipulate HTML in a very easy way! Require PHP 5+. Supports invalid HTML. Find tags on an HTML page with selectors just like jQuery. Extract contents from HTML in a single line.",
            "homepage": "https://github.com/sunra/php-simple-html-dom-parser",
            "keywords": [
                "dom",
                "html",
                "parser"
            ],
            "time": "2013-05-04 14:32:03"
        },
        {
            "name": "symfony/config",
            "version": "v2.7.0",
            "source": {
                "type": "git",
                "url": "https://github.com/symfony/Config.git",
                "reference": "537e9912063e66aa70cbcddd7d6e6e8db61d98e4"
            },
            "dist": {
                "type": "zip",
                "url": "https://api.github.com/repos/symfony/Config/zipball/537e9912063e66aa70cbcddd7d6e6e8db61d98e4",
                "reference": "537e9912063e66aa70cbcddd7d6e6e8db61d98e4",
                "shasum": ""
            },
            "require": {
                "php": ">=5.3.9",
                "symfony/filesystem": "~2.3"
            },
            "require-dev": {
                "symfony/phpunit-bridge": "~2.7"
            },
            "type": "library",
            "extra": {
                "branch-alias": {
                    "dev-master": "2.7-dev"
                }
            },
            "autoload": {
                "psr-4": {
                    "Symfony\\Component\\Config\\": ""
                }
            },
            "notification-url": "https://packagist.org/downloads/",
            "license": [
                "MIT"
            ],
            "authors": [
                {
                    "name": "Fabien Potencier",
                    "email": "fabien@symfony.com"
                },
                {
                    "name": "Symfony Community",
                    "homepage": "https://symfony.com/contributors"
                }
            ],
            "description": "Symfony Config Component",
            "homepage": "https://symfony.com",
            "time": "2015-05-15 13:33:16"
        },
        {
            "name": "symfony/console",
            "version": "v2.7.0",
            "source": {
                "type": "git",
                "url": "https://github.com/symfony/Console.git",
                "reference": "7f0bec04961c61c961df0cb8c2ae88dbfd83f399"
            },
            "dist": {
                "type": "zip",
                "url": "https://api.github.com/repos/symfony/Console/zipball/7f0bec04961c61c961df0cb8c2ae88dbfd83f399",
                "reference": "7f0bec04961c61c961df0cb8c2ae88dbfd83f399",
                "shasum": ""
            },
            "require": {
                "php": ">=5.3.9"
            },
            "require-dev": {
                "psr/log": "~1.0",
                "symfony/event-dispatcher": "~2.1",
                "symfony/phpunit-bridge": "~2.7",
                "symfony/process": "~2.1"
            },
            "suggest": {
                "psr/log": "For using the console logger",
                "symfony/event-dispatcher": "",
                "symfony/process": ""
            },
            "type": "library",
            "extra": {
                "branch-alias": {
                    "dev-master": "2.7-dev"
                }
            },
            "autoload": {
                "psr-4": {
                    "Symfony\\Component\\Console\\": ""
                }
            },
            "notification-url": "https://packagist.org/downloads/",
            "license": [
                "MIT"
            ],
            "authors": [
                {
                    "name": "Fabien Potencier",
                    "email": "fabien@symfony.com"
                },
                {
                    "name": "Symfony Community",
                    "homepage": "https://symfony.com/contributors"
                }
            ],
            "description": "Symfony Console Component",
            "homepage": "https://symfony.com",
            "time": "2015-05-29 16:22:24"
        },
        {
            "name": "symfony/event-dispatcher",
            "version": "v2.7.0",
            "source": {
                "type": "git",
                "url": "https://github.com/symfony/EventDispatcher.git",
                "reference": "687039686d0e923429ba6e958d0baa920cd5d458"
            },
            "dist": {
                "type": "zip",
                "url": "https://api.github.com/repos/symfony/EventDispatcher/zipball/687039686d0e923429ba6e958d0baa920cd5d458",
                "reference": "687039686d0e923429ba6e958d0baa920cd5d458",
                "shasum": ""
            },
            "require": {
                "php": ">=5.3.9"
            },
            "require-dev": {
                "psr/log": "~1.0",
                "symfony/config": "~2.0,>=2.0.5",
                "symfony/dependency-injection": "~2.6",
                "symfony/expression-language": "~2.6",
                "symfony/phpunit-bridge": "~2.7",
                "symfony/stopwatch": "~2.3"
            },
            "suggest": {
                "symfony/dependency-injection": "",
                "symfony/http-kernel": ""
            },
            "type": "library",
            "extra": {
                "branch-alias": {
                    "dev-master": "2.7-dev"
                }
            },
            "autoload": {
                "psr-4": {
                    "Symfony\\Component\\EventDispatcher\\": ""
                }
            },
            "notification-url": "https://packagist.org/downloads/",
            "license": [
                "MIT"
            ],
            "authors": [
                {
                    "name": "Fabien Potencier",
                    "email": "fabien@symfony.com"
                },
                {
                    "name": "Symfony Community",
                    "homepage": "https://symfony.com/contributors"
                }
            ],
            "description": "Symfony EventDispatcher Component",
            "homepage": "https://symfony.com",
            "time": "2015-05-02 15:21:08"
        },
        {
            "name": "symfony/filesystem",
            "version": "v2.7.0",
            "source": {
                "type": "git",
                "url": "https://github.com/symfony/Filesystem.git",
                "reference": "ae4551fd6d4d4f51f2e7390fbc902fbd67f3b7ba"
            },
            "dist": {
                "type": "zip",
                "url": "https://api.github.com/repos/symfony/Filesystem/zipball/ae4551fd6d4d4f51f2e7390fbc902fbd67f3b7ba",
                "reference": "ae4551fd6d4d4f51f2e7390fbc902fbd67f3b7ba",
                "shasum": ""
            },
            "require": {
                "php": ">=5.3.9"
            },
            "require-dev": {
                "symfony/phpunit-bridge": "~2.7"
            },
            "type": "library",
            "extra": {
                "branch-alias": {
                    "dev-master": "2.7-dev"
                }
            },
            "autoload": {
                "psr-4": {
                    "Symfony\\Component\\Filesystem\\": ""
                }
            },
            "notification-url": "https://packagist.org/downloads/",
            "license": [
                "MIT"
            ],
            "authors": [
                {
                    "name": "Fabien Potencier",
                    "email": "fabien@symfony.com"
                },
                {
                    "name": "Symfony Community",
                    "homepage": "https://symfony.com/contributors"
                }
            ],
            "description": "Symfony Filesystem Component",
            "homepage": "https://symfony.com",
            "time": "2015-05-15 13:33:16"
        },
        {
            "name": "symfony/stopwatch",
            "version": "v2.7.0",
            "source": {
                "type": "git",
                "url": "https://github.com/symfony/Stopwatch.git",
                "reference": "7702945bceddc0e1f744519abb8a2baeb94bd5ce"
            },
            "dist": {
                "type": "zip",
                "url": "https://api.github.com/repos/symfony/Stopwatch/zipball/7702945bceddc0e1f744519abb8a2baeb94bd5ce",
                "reference": "7702945bceddc0e1f744519abb8a2baeb94bd5ce",
                "shasum": ""
            },
            "require": {
                "php": ">=5.3.9"
            },
            "require-dev": {
                "symfony/phpunit-bridge": "~2.7"
            },
            "type": "library",
            "extra": {
                "branch-alias": {
                    "dev-master": "2.7-dev"
                }
            },
            "autoload": {
                "psr-4": {
                    "Symfony\\Component\\Stopwatch\\": ""
                }
            },
            "notification-url": "https://packagist.org/downloads/",
            "license": [
                "MIT"
            ],
            "authors": [
                {
                    "name": "Fabien Potencier",
                    "email": "fabien@symfony.com"
                },
                {
                    "name": "Symfony Community",
                    "homepage": "https://symfony.com/contributors"
                }
            ],
            "description": "Symfony Stopwatch Component",
            "homepage": "https://symfony.com",
            "time": "2015-05-02 15:21:08"
        },
        {
            "name": "symfony/yaml",
            "version": "v2.7.0",
            "source": {
                "type": "git",
                "url": "https://github.com/symfony/Yaml.git",
                "reference": "4a29a5248aed4fb45f626a7bbbd330291492f5c3"
            },
            "dist": {
                "type": "zip",
                "url": "https://api.github.com/repos/symfony/Yaml/zipball/4a29a5248aed4fb45f626a7bbbd330291492f5c3",
                "reference": "4a29a5248aed4fb45f626a7bbbd330291492f5c3",
                "shasum": ""
            },
            "require": {
                "php": ">=5.3.9"
            },
            "require-dev": {
                "symfony/phpunit-bridge": "~2.7"
            },
            "type": "library",
            "extra": {
                "branch-alias": {
                    "dev-master": "2.7-dev"
                }
            },
            "autoload": {
                "psr-4": {
                    "Symfony\\Component\\Yaml\\": ""
                }
            },
            "notification-url": "https://packagist.org/downloads/",
            "license": [
                "MIT"
            ],
            "authors": [
                {
                    "name": "Fabien Potencier",
                    "email": "fabien@symfony.com"
                },
                {
                    "name": "Symfony Community",
                    "homepage": "https://symfony.com/contributors"
                }
            ],
            "description": "Symfony Yaml Component",
            "homepage": "https://symfony.com",
            "time": "2015-05-02 15:21:08"
        },
        {
            "name": "zendframework/zend-config",
            "version": "2.4.2",
            "source": {
                "type": "git",
                "url": "https://github.com/zendframework/zend-config.git",
                "reference": "6b879e54096b8e0d2290f7414c38f9a5947cb8ac"
            },
            "dist": {
                "type": "zip",
                "url": "https://api.github.com/repos/zendframework/zend-config/zipball/6b879e54096b8e0d2290f7414c38f9a5947cb8ac",
                "reference": "6b879e54096b8e0d2290f7414c38f9a5947cb8ac",
                "shasum": ""
            },
            "require": {
                "php": ">=5.3.23",
                "zendframework/zend-stdlib": "self.version"
            },
            "require-dev": {
                "fabpot/php-cs-fixer": "1.7.*",
                "phpunit/phpunit": "~4.0",
                "satooshi/php-coveralls": "dev-master",
                "zendframework/zend-filter": "self.version",
                "zendframework/zend-i18n": "self.version",
                "zendframework/zend-json": "self.version",
                "zendframework/zend-servicemanager": "self.version"
            },
            "suggest": {
                "zendframework/zend-filter": "Zend\\Filter component",
                "zendframework/zend-i18n": "Zend\\I18n component",
                "zendframework/zend-json": "Zend\\Json to use the Json reader or writer classes",
                "zendframework/zend-servicemanager": "Zend\\ServiceManager for use with the Config Factory to retrieve reader and writer instances"
            },
            "type": "library",
            "extra": {
                "branch-alias": {
                    "dev-master": "2.4-dev",
                    "dev-develop": "2.5-dev"
                }
            },
            "autoload": {
                "psr-4": {
                    "Zend\\Config\\": "src/"
                }
            },
            "notification-url": "https://packagist.org/downloads/",
            "license": [
                "BSD-3-Clause"
            ],
            "description": "provides a nested object property based user interface for accessing this configuration data within application code",
            "homepage": "https://github.com/zendframework/zend-config",
            "keywords": [
                "config",
                "zf2"
            ],
            "time": "2015-05-07 14:55:31"
        },
        {
            "name": "zendframework/zend-stdlib",
            "version": "2.4.2",
            "source": {
                "type": "git",
                "url": "https://github.com/zendframework/zend-stdlib.git",
                "reference": "a5dd7fd2ba6e8f6c6ea5a12db0605d3aa48af1e7"
            },
            "dist": {
                "type": "zip",
                "url": "https://api.github.com/repos/zendframework/zend-stdlib/zipball/a5dd7fd2ba6e8f6c6ea5a12db0605d3aa48af1e7",
                "reference": "a5dd7fd2ba6e8f6c6ea5a12db0605d3aa48af1e7",
                "shasum": ""
            },
            "require": {
                "php": ">=5.3.23"
            },
            "require-dev": {
                "fabpot/php-cs-fixer": "1.7.*",
                "phpunit/phpunit": "~4.0",
                "satooshi/php-coveralls": "dev-master",
                "zendframework/zend-eventmanager": "self.version",
                "zendframework/zend-filter": "self.version",
                "zendframework/zend-serializer": "self.version",
                "zendframework/zend-servicemanager": "self.version"
            },
            "suggest": {
                "zendframework/zend-eventmanager": "To support aggregate hydrator usage",
                "zendframework/zend-filter": "To support naming strategy hydrator usage",
                "zendframework/zend-serializer": "Zend\\Serializer component",
                "zendframework/zend-servicemanager": "To support hydrator plugin manager usage"
            },
            "type": "library",
            "extra": {
                "branch-alias": {
                    "dev-master": "2.4-dev",
                    "dev-develop": "2.5-dev"
                }
            },
            "autoload": {
                "psr-4": {
                    "Zend\\Stdlib\\": "src/"
                }
            },
            "notification-url": "https://packagist.org/downloads/",
            "license": [
                "BSD-3-Clause"
            ],
            "homepage": "https://github.com/zendframework/zend-stdlib",
            "keywords": [
                "stdlib",
                "zf2"
            ],
            "time": "2015-05-07 14:55:31"
        }
    ],
    "packages-dev": [

    ],
    "aliases": [

    ],
    "minimum-stability": "stable",
    "stability-flags": [

    ],
    "prefer-stable": false,
    "prefer-lowest": false,
    "platform": [

    ],
    "platform-dev": [

    ]
}
